
Microsoft Visual Studio Solution File, Format Version 12.00
# Visual Studio 15
VisualStudioVersion = 15.0.27130.2020
MinimumVisualStudioVersion = 10.0.40219.1
Project("{FAE04EC0-301F-11D3-BF4B-00C04F79EFBC}") = "Blogging", "Blogging\Blogging.csproj", "{AB594397-2B10-42C8-9C82-A045ADB4B616}"
EndProject
Global
	GlobalSection(SolutionConfigurationPlatforms) = preSolution
		Debug|Any CPU = Debug|Any CPU
		Release|Any CPU = Release|Any CPU
	EndGlobalSection
	GlobalSection(ProjectConfigurationPlatforms) = postSolution
		{AB594397-2B10-42C8-9C82-A045ADB4B616}.Debug|Any CPU.ActiveCfg = Debug|Any CPU
		{AB594397-2B10-42C8-9C82-A045ADB4B616}.Debug|Any CPU.Build.0 = Debug|Any CPU
		{AB594397-2B10-42C8-9C82-A045ADB4B616}.Release|Any CPU.ActiveCfg = Release|Any CPU
		{AB594397-2B10-42C8-9C82-A045ADB4B616}.Release|Any CPU.Build.0 = Release|Any CPU
	EndGlobalSection
	GlobalSection(SolutionProperties) = preSolution
		HideSolutionNode = FALSE
	EndGlobalSection
	GlobalSection(ExtensibilityGlobals) = postSolution
		SolutionGuid = {DB63D986-28AC-418B-B4DA-05AC92719D86}
	EndGlobalSection
EndGlobal
